// !$*UTF8*$!
{
	archiveVersion = 1;
	classes = {
	};
	objectVersion = 50;
	objects = {

/* Begin PBXBuildFile section */
		6C3FDD5B254AFC0100459F64 /* HabitViewController.swift in Sources */ = {isa = PBXBuildFile; fileRef = 6C3FDD5A254AFC0100459F64 /* HabitViewController.swift */; };
		6C631BE1255571A300B0BEE3 /* HabitDetailsViewController.swift in Sources */ = {isa = PBXBuildFile; fileRef = 6C631BE0255571A300B0BEE3 /* HabitDetailsViewController.swift */; };
		6C673E502549E253009CC130 /* AppDelegate.swift in Sources */ = {isa = PBXBuildFile; fileRef = 6C673E4F2549E253009CC130 /* AppDelegate.swift */; };
		6C673E522549E253009CC130 /* SceneDelegate.swift in Sources */ = {isa = PBXBuildFile; fileRef = 6C673E512549E253009CC130 /* SceneDelegate.swift */; };
		6C673E592549E256009CC130 /* Assets.xcassets in Resources */ = {isa = PBXBuildFile; fileRef = 6C673E582549E256009CC130 /* Assets.xcassets */; };
		6C673E5C2549E257009CC130 /* LaunchScreen.storyboard in Resources */ = {isa = PBXBuildFile; fileRef = 6C673E5A2549E257009CC130 /* LaunchScreen.storyboard */; };
		6C673E68254A704A009CC130 /* MyHabitsTabBarViewController.swift in Sources */ = {isa = PBXBuildFile; fileRef = 6C673E67254A704A009CC130 /* MyHabitsTabBarViewController.swift */; };
		6C673E6B254A7141009CC130 /* HabitsViewController.swift in Sources */ = {isa = PBXBuildFile; fileRef = 6C673E6A254A7141009CC130 /* HabitsViewController.swift */; };
		6C673E6E254A714E009CC130 /* InfoViewController.swift in Sources */ = {isa = PBXBuildFile; fileRef = 6C673E6D254A714E009CC130 /* InfoViewController.swift */; };
		6C673E71254A7761009CC130 /* HabitsStore.swift in Sources */ = {isa = PBXBuildFile; fileRef = 6C673E70254A7761009CC130 /* HabitsStore.swift */; };
		6CBFC8452553BCE600CF047F /* ProgressCollectionViewCell.swift in Sources */ = {isa = PBXBuildFile; fileRef = 6CBFC8442553BCE600CF047F /* ProgressCollectionViewCell.swift */; };
		6CBFC8482553BD0500CF047F /* HabitCollectionViewCell.swift in Sources */ = {isa = PBXBuildFile; fileRef = 6CBFC8472553BD0500CF047F /* HabitCollectionViewCell.swift */; };
/* End PBXBuildFile section */

/* Begin PBXFileReference section */
		6C3FDD5A254AFC0100459F64 /* HabitViewController.swift */ = {isa = PBXFileReference; lastKnownFileType = sourcecode.swift; path = HabitViewController.swift; sourceTree = "<group>"; };
		6C631BE0255571A300B0BEE3 /* HabitDetailsViewController.swift */ = {isa = PBXFileReference; lastKnownFileType = sourcecode.swift; path = HabitDetailsViewController.swift; sourceTree = "<group>"; };
		6C673E4C2549E253009CC130 /* MyHabits.app */ = {isa = PBXFileReference; explicitFileType = wrapper.application; includeInIndex = 0; path = MyHabits.app; sourceTree = BUILT_PRODUCTS_DIR; };
		6C673E4F2549E253009CC130 /* AppDelegate.swift */ = {isa = PBXFileReference; lastKnownFileType = sourcecode.swift; path = AppDelegate.swift; sourceTree = "<group>"; };
		6C673E512549E253009CC130 /* SceneDelegate.swift */ = {isa = PBXFileReference; lastKnownFileType = sourcecode.swift; path = SceneDelegate.swift; sourceTree = "<group>"; };
		6C673E582549E256009CC130 /* Assets.xcassets */ = {isa = PBXFileReference; lastKnownFileType = folder.assetcatalog; path = Assets.xcassets; sourceTree = "<group>"; };
		6C673E5B2549E257009CC130 /* Base */ = {isa = PBXFileReference; lastKnownFileType = file.storyboard; name = Base; path = Base.lproj/LaunchScreen.storyboard; sourceTree = "<group>"; };
		6C673E5D2549E257009CC130 /* Info.plist */ = {isa = PBXFileReference; lastKnownFileType = text.plist.xml; path = Info.plist; sourceTree = "<group>"; };
		6C673E67254A704A009CC130 /* MyHabitsTabBarViewController.swift */ = {isa = PBXFileReference; lastKnownFileType = sourcecode.swift; path = MyHabitsTabBarViewController.swift; sourceTree = "<group>"; };
		6C673E6A254A7141009CC130 /* HabitsViewController.swift */ = {isa = PBXFileReference; lastKnownFileType = sourcecode.swift; path = HabitsViewController.swift; sourceTree = "<group>"; };
		6C673E6D254A714E009CC130 /* InfoViewController.swift */ = {isa = PBXFileReference; lastKnownFileType = sourcecode.swift; path = InfoViewController.swift; sourceTree = "<group>"; };
		6C673E70254A7761009CC130 /* HabitsStore.swift */ = {isa = PBXFileReference; lastKnownFileType = sourcecode.swift; path = HabitsStore.swift; sourceTree = "<group>"; };
		6CBFC8442553BCE600CF047F /* ProgressCollectionViewCell.swift */ = {isa = PBXFileReference; lastKnownFileType = sourcecode.swift; path = ProgressCollectionViewCell.swift; sourceTree = "<group>"; };
		6CBFC8472553BD0500CF047F /* HabitCollectionViewCell.swift */ = {isa = PBXFileReference; lastKnownFileType = sourcecode.swift; path = HabitCollectionViewCell.swift; sourceTree = "<group>"; };
/* End PBXFileReference section */

/* Begin PBXFrameworksBuildPhase section */
		6C673E492549E253009CC130 /* Frameworks */ = {
			isa = PBXFrameworksBuildPhase;
			buildActionMask = 2147483647;
			files = (
			);
			runOnlyForDeploymentPostprocessing = 0;
		};
/* End PBXFrameworksBuildPhase section */

/* Begin PBXGroup section */
		6C673E432549E253009CC130 = {
			isa = PBXGroup;
			children = (
				6C673E4E2549E253009CC130 /* MyHabits */,
				6C673E4D2549E253009CC130 /* Products */,
			);
			sourceTree = "<group>";
		};
		6C673E4D2549E253009CC130 /* Products */ = {
			isa = PBXGroup;
			children = (
				6C673E4C2549E253009CC130 /* MyHabits.app */,
			);
			name = Products;
			sourceTree = "<group>";
		};
		6C673E4E2549E253009CC130 /* MyHabits */ = {
			isa = PBXGroup;
			children = (
				6C3FDD5A254AFC0100459F64 /* HabitViewController.swift */,
				6C673E4F2549E253009CC130 /* AppDelegate.swift */,
				6C673E512549E253009CC130 /* SceneDelegate.swift */,
				6C673E67254A704A009CC130 /* MyHabitsTabBarViewController.swift */,
				6C673E6A254A7141009CC130 /* HabitsViewController.swift */,
				6C673E6D254A714E009CC130 /* InfoViewController.swift */,
				6C673E582549E256009CC130 /* Assets.xcassets */,
				6C673E5A2549E257009CC130 /* LaunchScreen.storyboard */,
				6C673E70254A7761009CC130 /* HabitsStore.swift */,
				6CBFC8442553BCE600CF047F /* ProgressCollectionViewCell.swift */,
				6C631BE0255571A300B0BEE3 /* HabitDetailsViewController.swift */,
				6CBFC8472553BD0500CF047F /* HabitCollectionViewCell.swift */,
				6C673E5D2549E257009CC130 /* Info.plist */,
			);
			path = MyHabits;
			sourceTree = "<group>";
		};
/* End PBXGroup section */

/* Begin PBXNativeTarget section */
		6C673E4B2549E253009CC130 /* MyHabits */ = {
			isa = PBXNativeTarget;
			buildConfigurationList = 6C673E602549E257009CC130 /* Build configuration list for PBXNativeTarget "MyHabits" */;
			buildPhases = (
				6C673E482549E253009CC130 /* Sources */,
				6C673E492549E253009CC130 /* Frameworks */,
				6C673E4A2549E253009CC130 /* Resources */,
			);
			buildRules = (
			);
			dependencies = (
			);
			name = MyHabits;
			productName = MyHabits;
			productReference = 6C673E4C2549E253009CC130 /* MyHabits.app */;
			productType = "com.apple.product-type.application";
		};
/* End PBXNativeTarget section */

/* Begin PBXProject section */
		6C673E442549E253009CC130 /* Project object */ = {
			isa = PBXProject;
			attributes = {
				LastSwiftUpdateCheck = 1200;
				LastUpgradeCheck = 1200;
				TargetAttributes = {
					6C673E4B2549E253009CC130 = {
						CreatedOnToolsVersion = 12.0;
					};
				};
			};
			buildConfigurationList = 6C673E472549E253009CC130 /* Build configuration list for PBXProject "MyHabits" */;
			compatibilityVersion = "Xcode 9.3";
			developmentRegion = en;
			hasScannedForEncodings = 0;
			knownRegions = (
				en,
				Base,
			);
			mainGroup = 6C673E432549E253009CC130;
			productRefGroup = 6C673E4D2549E253009CC130 /* Products */;
			projectDirPath = "";
			projectRoot = "";
			targets = (
				6C673E4B2549E253009CC130 /* MyHabits */,
			);
		};
/* End PBXProject section */

/* Begin PBXResourcesBuildPhase section */
		6C673E4A2549E253009CC130 /* Resources */ = {
			isa = PBXResourcesBuildPhase;
			buildActionMask = 2147483647;
			files = (
				6C673E5C2549E257009CC130 /* LaunchScreen.storyboard in Resources */,
				6C673E592549E256009CC130 /* Assets.xcassets in Resources */,
			);
			runOnlyForDeploymentPostprocessing = 0;
		};
/* End PBXResourcesBuildPhase section */

/* Begin PBXSourcesBuildPhase section */
		6C673E482549E253009CC130 /* Sources */ = {
			isa = PBXSourcesBuildPhase;
			buildActionMask = 2147483647;
			files = (
				6C673E71254A7761009CC130 /* HabitsStore.swift in Sources */,
				6C673E68254A704A009CC130 /* MyHabitsTabBarViewController.swift in Sources */,
				6C673E502549E253009CC130 /* AppDelegate.swift in Sources */,
				6C631BE1255571A300B0BEE3 /* HabitDetailsViewController.swift in Sources */,
				6C673E6B254A7141009CC130 /* HabitsViewController.swift in Sources */,
				6CBFC8452553BCE600CF047F /* ProgressCollectionViewCell.swift in Sources */,
				6C673E6E254A714E009CC130 /* InfoViewController.swift in Sources */,
				6C3FDD5B254AFC0100459F64 /* HabitViewController.swift in Sources */,
				6C673E522549E253009CC130 /* SceneDelegate.swift in Sources */,
				6CBFC8482553BD0500CF047F /* HabitCollectionViewCell.swift in Sources */,
			);
			runOnlyForDeploymentPostprocessing = 0;
		};
/* End PBXSourcesBuildPhase section */

/* Begin PBXVariantGroup section */
		6C673E5A2549E257009CC130 /* LaunchScreen.storyboard */ = {
			isa = PBXVariantGroup;
			children = (
				6C673E5B2549E257009CC130 /* Base */,
			);
			name = LaunchScreen.storyboard;
			sourceTree = "<group>";
		};
/* End PBXVariantGroup section */

/* Begin XCBuildConfiguration section */
		6C673E5E2549E257009CC130 /* Debug */ = {
			isa = XCBuildConfiguration;
			buildSettings = {
				ALWAYS_SEARCH_USER_PATHS = NO;
				CLANG_ANALYZER_NONNULL = YES;
				CLANG_ANALYZER_NUMBER_OBJECT_CONVERSION = YES_AGGRESSIVE;
				CLANG_CXX_LANGUAGE_STANDARD = "gnu++14";
				CLANG_CXX_LIBRARY = "libc++";
				CLANG_ENABLE_MODULES = YES;
				CLANG_ENABLE_OBJC_ARC = YES;
				CLANG_ENABLE_OBJC_WEAK = YES;
				CLANG_WARN_BLOCK_CAPTURE_AUTORELEASING = YES;
				CLANG_WARN_BOOL_CONVERSION = YES;
				CLANG_WARN_COMMA = YES;
				CLANG_WARN_CONSTANT_CONVERSION = YES;
				CLANG_WARN_DEPRECATED_OBJC_IMPLEMENTATIONS = YES;
				CLANG_WARN_DIRECT_OBJC_ISA_USAGE = YES_ERROR;
				CLANG_WARN_DOCUMENTATION_COMMENTS = YES;
				CLANG_WARN_EMPTY_BODY = YES;
				CLANG_WARN_ENUM_CONVERSION = YES;
				CLANG_WARN_INFINITE_RECURSION = YES;
				CLANG_WARN_INT_CONVERSION = YES;
				CLANG_WARN_NON_LITERAL_NULL_CONVERSION = YES;
				CLANG_WARN_OBJC_IMPLICIT_RETAIN_SELF = YES;
				CLANG_WARN_OBJC_LITERAL_CONVERSION = YES;
				CLANG_WARN_OBJC_ROOT_CLASS = YES_ERROR;
				CLANG_WARN_QUOTED_INCLUDE_IN_FRAMEWORK_HEADER = YES;
				CLANG_WARN_RANGE_LOOP_ANALYSIS = YES;
				CLANG_WARN_STRICT_PROTOTYPES = YES;
				CLANG_WARN_SUSPICIOUS_MOVE = YES;
				CLANG_WARN_UNGUARDED_AVAILABILITY = YES_AGGRESSIVE;
				CLANG_WARN_UNREACHABLE_CODE = YES;
				CLANG_WARN__DUPLICATE_METHOD_MATCH = YES;
				COPY_PHASE_STRIP = NO;
				DEBUG_INFORMATION_FORMAT = dwarf;
				ENABLE_STRICT_OBJC_MSGSEND = YES;
				ENABLE_TESTABILITY = YES;
				GCC_C_LANGUAGE_STANDARD = gnu11;
				GCC_DYNAMIC_NO_PIC = NO;
				GCC_NO_COMMON_BLOCKS = YES;
				GCC_OPTIMIZATION_LEVEL = 0;
				GCC_PREPROCESSOR_DEFINITIONS = (
					"DEBUG=1",
					"$(inherited)",
				);
				GCC_WARN_64_TO_32_BIT_CONVERSION = YES;
				GCC_WARN_ABOUT_RETURN_TYPE = YES_ERROR;
				GCC_WARN_UNDECLARED_SELECTOR = YES;
				GCC_WARN_UNINITIALIZED_AUTOS = YES_AGGRESSIVE;
				GCC_WARN_UNUSED_FUNCTION = YES;
				GCC_WARN_UNUSED_VARIABLE = YES;
				IPHONEOS_DEPLOYMENT_TARGET = 14.0;
				MTL_ENABLE_DEBUG_INFO = INCLUDE_SOURCE;
				MTL_FAST_MATH = YES;
				ONLY_ACTIVE_ARCH = YES;
				SDKROOT = iphoneos;
				SWIFT_ACTIVE_COMPILATION_CONDITIONS = DEBUG;
				SWIFT_OPTIMIZATION_LEVEL = "-Onone";
			};
			name = Debug;
		};
		6C673E5F2549E257009CC130 /* Release */ = {
			isa = XCBuildConfiguration;
			buildSettings = {
				ALWAYS_SEARCH_USER_PATHS = NO;
				CLANG_ANALYZER_NONNULL = YES;
				CLANG_ANALYZER_NUMBER_OBJECT_CONVERSION = YES_AGGRESSIVE;
				CLANG_CXX_LANGUAGE_STANDARD = "gnu++14";
				CLANG_CXX_LIBRARY = "libc++";
				CLANG_ENABLE_MODULES = YES;
				CLANG_ENABLE_OBJC_ARC = YES;
				CLANG_ENABLE_OBJC_WEAK = YES;
				CLANG_WARN_BLOCK_CAPTURE_AUTORELEASING = YES;
				CLANG_WARN_BOOL_CONVERSION = YES;
				CLANG_WARN_COMMA = YES;
				CLANG_WARN_CONSTANT_CONVERSION = YES;
				CLANG_WARN_DEPRECATED_OBJC_IMPLEMENTATIONS = YES;
				CLANG_WARN_DIRECT_OBJC_ISA_USAGE = YES_ERROR;
				CLANG_WARN_DOCUMENTATION_COMMENTS = YES;
				CLANG_WARN_EMPTY_BODY = YES;
				CLANG_WARN_ENUM_CONVERSION = YES;
				CLANG_WARN_INFINITE_RECURSION = YES;
				CLANG_WARN_INT_CONVERSION = YES;
				CLANG_WARN_NON_LITERAL_NULL_CONVERSION = YES;
				CLANG_WARN_OBJC_IMPLICIT_RETAIN_SELF = YES;
				CLANG_WARN_OBJC_LITERAL_CONVERSION = YES;
				CLANG_WARN_OBJC_ROOT_CLASS = YES_ERROR;
				CLANG_WARN_QUOTED_INCLUDE_IN_FRAMEWORK_HEADER = YES;
				CLANG_WARN_RANGE_LOOP_ANALYSIS = YES;
				CLANG_WARN_STRICT_PROTOTYPES = YES;
				CLANG_WARN_SUSPICIOUS_MOVE = YES;
				CLANG_WARN_UNGUARDED_AVAILABILITY = YES_AGGRESSIVE;
				CLANG_WARN_UNREACHABLE_CODE = YES;
				CLANG_WARN__DUPLICATE_METHOD_MATCH = YES;
				COPY_PHASE_STRIP = NO;
				DEBUG_INFORMATION_FORMAT = "dwarf-with-dsym";
				ENABLE_NS_ASSERTIONS = NO;
				ENABLE_STRICT_OBJC_MSGSEND = YES;
				GCC_C_LANGUAGE_STANDARD = gnu11;
				GCC_NO_COMMON_BLOCKS = YES;
				GCC_WARN_64_TO_32_BIT_CONVERSION = YES;
				GCC_WARN_ABOUT_RETURN_TYPE = YES_ERROR;
				GCC_WARN_UNDECLARED_SELECTOR = YES;
				GCC_WARN_UNINITIALIZED_AUTOS = YES_AGGRESSIVE;
				GCC_WARN_UNUSED_FUNCTION = YES;
				GCC_WARN_UNUSED_VARIABLE = YES;
				IPHONEOS_DEPLOYMENT_TARGET = 14.0;
				MTL_ENABLE_DEBUG_INFO = NO;
				MTL_FAST_MATH = YES;
				SDKROOT = iphoneos;
				SWIFT_COMPILATION_MODE = wholemodule;
				SWIFT_OPTIMIZATION_LEVEL = "-O";
				VALIDATE_PRODUCT = YES;
			};
			name = Release;
		};
		6C673E612549E257009CC130 /* Debug */ = {
			isa = XCBuildConfiguration;
			buildSettings = {
				ASSETCATALOG_COMPILER_APPICON_NAME = AppIcon;
				ASSETCATALOG_COMPILER_GLOBAL_ACCENT_COLOR_NAME = AccentColor;
				CODE_SIGN_STYLE = Automatic;
				DEVELOPMENT_TEAM = R6KXPPU34F;
				INFOPLIST_FILE = MyHabits/Info.plist;
				LD_RUNPATH_SEARCH_PATHS = (
					"$(inherited)",
					"@executable_path/Frameworks",
				);
				PRODUCT_BUNDLE_IDENTIFIER = kiselev.bogdan.MyHabits;
				PRODUCT_NAME = "$(TARGET_NAME)";
				SWIFT_VERSION = 5.0;
				TARGETED_DEVICE_FAMILY = "1,2";
			};
			name = Debug;
		};
		6C673E622549E257009CC130 /* Release */ = {
			isa = XCBuildConfiguration;
			buildSettings = {
				ASSETCATALOG_COMPILER_APPICON_NAME = AppIcon;
				ASSETCATALOG_COMPILER_GLOBAL_ACCENT_COLOR_NAME = AccentColor;
				CODE_SIGN_STYLE = Automatic;
				DEVELOPMENT_TEAM = R6KXPPU34F;
				INFOPLIST_FILE = MyHabits/Info.plist;
				LD_RUNPATH_SEARCH_PATHS = (
					"$(inherited)",
					"@executable_path/Frameworks",
				);
				PRODUCT_BUNDLE_IDENTIFIER = kiselev.bogdan.MyHabits;
				PRODUCT_NAME = "$(TARGET_NAME)";
				SWIFT_VERSION = 5.0;
				TARGETED_DEVICE_FAMILY = "1,2";
			};
			name = Release;
		};
/* End XCBuildConfiguration section */

/* Begin XCConfigurationList section */
		6C673E472549E253009CC130 /* Build configuration list for PBXProject "MyHabits" */ = {
			isa = XCConfigurationList;
			buildConfigurations = (
				6C673E5E2549E257009CC130 /* Debug */,
				6C673E5F2549E257009CC130 /* Release */,
			);
			defaultConfigurationIsVisible = 0;
			defaultConfigurationName = Release;
		};
		6C673E602549E257009CC130 /* Build configuration list for PBXNativeTarget "MyHabits" */ = {
			isa = XCConfigurationList;
			buildConfigurations = (
				6C673E612549E257009CC130 /* Debug */,
				6C673E622549E257009CC130 /* Release */,
			);
			defaultConfigurationIsVisible = 0;
			defaultConfigurationName = Release;
		};
/* End XCConfigurationList section */
	};
	rootObject = 6C673E442549E253009CC130 /* Project object */;
}
